// !$*UTF8*$!
{
	archiveVersion = 1;
	classes = {
	};
	objectVersion = 46;
	objects = {

/* Begin PBXBuildFile section */
		DE6E0D3C1E832BE3009A14ED /* AppDelegate.swift in Sources */ = {isa = PBXBuildFile; fileRef = DE6E0D3B1E832BE3009A14ED /* AppDelegate.swift */; };
		DE6E0D3E1E832BE3009A14ED /* MainVC.swift in Sources */ = {isa = PBXBuildFile; fileRef = DE6E0D3D1E832BE3009A14ED /* MainVC.swift */; };
		DE6E0D411E832BE3009A14ED /* Main.storyboard in Resources */ = {isa = PBXBuildFile; fileRef = DE6E0D3F1E832BE3009A14ED /* Main.storyboard */; };
		DE6E0D431E832BE3009A14ED /* Assets.xcassets in Resources */ = {isa = PBXBuildFile; fileRef = DE6E0D421E832BE3009A14ED /* Assets.xcassets */; };
		DE6E0D461E832BE3009A14ED /* LaunchScreen.storyboard in Resources */ = {isa = PBXBuildFile; fileRef = DE6E0D441E832BE3009A14ED /* LaunchScreen.storyboard */; };
		DE6E0D511E833145009A14ED /* still time.ttf in Resources */ = {isa = PBXBuildFile; fileRef = DE6E0D501E833145009A14ED /* still time.ttf */; };
		DE6E0D541E833259009A14ED /* VideoVC.swift in Sources */ = {isa = PBXBuildFile; fileRef = DE6E0D531E833259009A14ED /* VideoVC.swift */; };
		DE6E0D561E833582009A14ED /* PartyCell.swift in Sources */ = {isa = PBXBuildFile; fileRef = DE6E0D551E833582009A14ED /* PartyCell.swift */; };
		DE6E0D581E83380F009A14ED /* PartyRock.swift in Sources */ = {isa = PBXBuildFile; fileRef = DE6E0D571E83380F009A14ED /* PartyRock.swift */; };
/* End PBXBuildFile section */

/* Begin PBXFileReference section */
		DE6E0D381E832BE3009A14ED /* PartyRockApp.app */ = {isa = PBXFileReference; explicitFileType = wrapper.application; includeInIndex = 0; path = PartyRockApp.app; sourceTree = BUILT_PRODUCTS_DIR; };
		DE6E0D3B1E832BE3009A14ED /* AppDelegate.swift */ = {isa = PBXFileReference; lastKnownFileType = sourcecode.swift; path = AppDelegate.swift; sourceTree = "<group>"; };
		DE6E0D3D1E832BE3009A14ED /* MainVC.swift */ = {isa = PBXFileReference; lastKnownFileType = sourcecode.swift; path = MainVC.swift; sourceTree = "<group>"; };
		DE6E0D401E832BE3009A14ED /* Base */ = {isa = PBXFileReference; lastKnownFileType = file.storyboard; name = Base; path = Base.lproj/Main.storyboard; sourceTree = "<group>"; };
		DE6E0D421E832BE3009A14ED /* Assets.xcassets */ = {isa = PBXFileReference; lastKnownFileType = folder.assetcatalog; path = Assets.xcassets; sourceTree = "<group>"; };
		DE6E0D451E832BE3009A14ED /* Base */ = {isa = PBXFileReference; lastKnownFileType = file.storyboard; name = Base; path = Base.lproj/LaunchScreen.storyboard; sourceTree = "<group>"; };
		DE6E0D471E832BE3009A14ED /* Info.plist */ = {isa = PBXFileReference; lastKnownFileType = text.plist.xml; path = Info.plist; sourceTree = "<group>"; };
		DE6E0D501E833145009A14ED /* still time.ttf */ = {isa = PBXFileReference; lastKnownFileType = file; path = "still time.ttf"; sourceTree = "<group>"; };
		DE6E0D531E833259009A14ED /* VideoVC.swift */ = {isa = PBXFileReference; fileEncoding = 4; lastKnownFileType = sourcecode.swift; path = VideoVC.swift; sourceTree = "<group>"; };
		DE6E0D551E833582009A14ED /* PartyCell.swift */ = {isa = PBXFileReference; fileEncoding = 4; lastKnownFileType = sourcecode.swift; path = PartyCell.swift; sourceTree = "<group>"; };
		DE6E0D571E83380F009A14ED /* PartyRock.swift */ = {isa = PBXFileReference; fileEncoding = 4; lastKnownFileType = sourcecode.swift; path = PartyRock.swift; sourceTree = "<group>"; };
/* End PBXFileReference section */

/* Begin PBXFrameworksBuildPhase section */
		DE6E0D351E832BE3009A14ED /* Frameworks */ = {
			isa = PBXFrameworksBuildPhase;
			buildActionMask = 2147483647;
			files = (
			);
			runOnlyForDeploymentPostprocessing = 0;
		};
/* End PBXFrameworksBuildPhase section */

/* Begin PBXGroup section */
		DE6E0D2F1E832BE3009A14ED = {
			isa = PBXGroup;
			children = (
				DE6E0D3A1E832BE3009A14ED /* PartyRockApp */,
				DE6E0D391E832BE3009A14ED /* Products */,
			);
			sourceTree = "<group>";
		};
		DE6E0D391E832BE3009A14ED /* Products */ = {
			isa = PBXGroup;
			children = (
				DE6E0D381E832BE3009A14ED /* PartyRockApp.app */,
			);
			name = Products;
			sourceTree = "<group>";
		};
		DE6E0D3A1E832BE3009A14ED /* PartyRockApp */ = {
			isa = PBXGroup;
			children = (
				DE6E0D521E833149009A14ED /* Files */,
				DE6E0D4F1E832C8B009A14ED /* Model */,
				DE6E0D4E1E832C86009A14ED /* View */,
				DE6E0D4D1E832C3B009A14ED /* Controller */,
				DE6E0D3B1E832BE3009A14ED /* AppDelegate.swift */,
				DE6E0D441E832BE3009A14ED /* LaunchScreen.storyboard */,
				DE6E0D3F1E832BE3009A14ED /* Main.storyboard */,
				DE6E0D421E832BE3009A14ED /* Assets.xcassets */,
				DE6E0D471E832BE3009A14ED /* Info.plist */,
			);
			path = PartyRockApp;
			sourceTree = "<group>";
		};
		DE6E0D4D1E832C3B009A14ED /* Controller */ = {
			isa = PBXGroup;
			children = (
				DE6E0D3D1E832BE3009A14ED /* MainVC.swift */,
				DE6E0D531E833259009A14ED /* VideoVC.swift */,
			);
			name = Controller;
			sourceTree = "<group>";
		};
		DE6E0D4E1E832C86009A14ED /* View */ = {
			isa = PBXGroup;
			children = (
				DE6E0D551E833582009A14ED /* PartyCell.swift */,
			);
			name = View;
			sourceTree = "<group>";
		};
		DE6E0D4F1E832C8B009A14ED /* Model */ = {
			isa = PBXGroup;
			children = (
				DE6E0D571E83380F009A14ED /* PartyRock.swift */,
			);
			name = Model;
			sourceTree = "<group>";
		};
		DE6E0D521E833149009A14ED /* Files */ = {
			isa = PBXGroup;
			children = (
				DE6E0D501E833145009A14ED /* still time.ttf */,
			);
			name = Files;
			sourceTree = "<group>";
		};
/* End PBXGroup section */

/* Begin PBXNativeTarget section */
		DE6E0D371E832BE3009A14ED /* PartyRockApp */ = {
			isa = PBXNativeTarget;
			buildConfigurationList = DE6E0D4A1E832BE3009A14ED /* Build configuration list for PBXNativeTarget "PartyRockApp" */;
			buildPhases = (
				DE6E0D341E832BE3009A14ED /* Sources */,
				DE6E0D351E832BE3009A14ED /* Frameworks */,
				DE6E0D361E832BE3009A14ED /* Resources */,
			);
			buildRules = (
			);
			dependencies = (
			);
			name = PartyRockApp;
			productName = PartyRockApp;
			productReference = DE6E0D381E832BE3009A14ED /* PartyRockApp.app */;
			productType = "com.apple.product-type.application";
		};
/* End PBXNativeTarget section */

/* Begin PBXProject section */
		DE6E0D301E832BE3009A14ED /* Project object */ = {
			isa = PBXProject;
			attributes = {
				LastSwiftUpdateCheck = 0820;
				LastUpgradeCheck = 0820;
				ORGANIZATIONNAME = "Jernej Hartman";
				TargetAttributes = {
					DE6E0D371E832BE3009A14ED = {
						CreatedOnToolsVersion = 8.2.1;
						DevelopmentTeam = BB9NBC38G8;
						ProvisioningStyle = Automatic;
					};
				};
			};
			buildConfigurationList = DE6E0D331E832BE3009A14ED /* Build configuration list for PBXProject "PartyRockApp" */;
			compatibilityVersion = "Xcode 3.2";
			developmentRegion = English;
			hasScannedForEncodings = 0;
			knownRegions = (
				en,
				Base,
			);
			mainGroup = DE6E0D2F1E832BE3009A14ED;
			productRefGroup = DE6E0D391E832BE3009A14ED /* Products */;
			projectDirPath = "";
			projectRoot = "";
			targets = (
				DE6E0D371E832BE3009A14ED /* PartyRockApp */,
			);
		};
/* End PBXProject section */

/* Begin PBXResourcesBuildPhase section */
		DE6E0D361E832BE3009A14ED /* Resources */ = {
			isa = PBXResourcesBuildPhase;
			buildActionMask = 2147483647;
			files = (
				DE6E0D461E832BE3009A14ED /* LaunchScreen.storyboard in Resources */,
				DE6E0D511E833145009A14ED /* still time.ttf in Resources */,
				DE6E0D431E832BE3009A14ED /* Assets.xcassets in Resources */,
				DE6E0D411E832BE3009A14ED /* Main.storyboard in Resources */,
			);
			runOnlyForDeploymentPostprocessing = 0;
		};
/* End PBXResourcesBuildPhase section */

/* Begin PBXSourcesBuildPhase section */
		DE6E0D341E832BE3009A14ED /* Sources */ = {
			isa = PBXSourcesBuildPhase;
			buildActionMask = 2147483647;
			files = (
				DE6E0D541E833259009A14ED /* VideoVC.swift in Sources */,
				DE6E0D3E1E832BE3009A14ED /* MainVC.swift in Sources */,
				DE6E0D581E83380F009A14ED /* PartyRock.swift in Sources */,
				DE6E0D561E833582009A14ED /* PartyCell.swift in Sources */,
				DE6E0D3C1E832BE3009A14ED /* AppDelegate.swift in Sources */,
			);
			runOnlyForDeploymentPostprocessing = 0;
		};
/* End PBXSourcesBuildPhase section */

/* Begin PBXVariantGroup section */
		DE6E0D3F1E832BE3009A14ED /* Main.storyboard */ = {
			isa = PBXVariantGroup;
			children = (
				DE6E0D401E832BE3009A14ED /* Base */,
			);
			name = Main.storyboard;
			sourceTree = "<group>";
		};
		DE6E0D441E832BE3009A14ED /* LaunchScreen.storyboard */ = {
			isa = PBXVariantGroup;
			children = (
				DE6E0D451E832BE3009A14ED /* Base */,
			);
			name = LaunchScreen.storyboard;
			sourceTree = "<group>";
		};
/* End PBXVariantGroup section */

/* Begin XCBuildConfiguration section */
		DE6E0D481E832BE3009A14ED /* Debug */ = {
			isa = XCBuildConfiguration;
			buildSettings = {
				ALWAYS_SEARCH_USER_PATHS = NO;
				CLANG_ANALYZER_NONNULL = YES;
				CLANG_CXX_LANGUAGE_STANDARD = "gnu++0x";
				CLANG_CXX_LIBRARY = "libc++";
				CLANG_ENABLE_MODULES = YES;
				CLANG_ENABLE_OBJC_ARC = YES;
				CLANG_WARN_BOOL_CONVERSION = YES;
				CLANG_WARN_CONSTANT_CONVERSION = YES;
				CLANG_WARN_DIRECT_OBJC_ISA_USAGE = YES_ERROR;
				CLANG_WARN_DOCUMENTATION_COMMENTS = YES;
				CLANG_WARN_EMPTY_BODY = YES;
				CLANG_WARN_ENUM_CONVERSION = YES;
				CLANG_WARN_INFINITE_RECURSION = YES;
				CLANG_WARN_INT_CONVERSION = YES;
				CLANG_WARN_OBJC_ROOT_CLASS = YES_ERROR;
				CLANG_WARN_SUSPICIOUS_MOVE = YES;
				CLANG_WARN_UNREACHABLE_CODE = YES;
				CLANG_WARN__DUPLICATE_METHOD_MATCH = YES;
				"CODE_SIGN_IDENTITY[sdk=iphoneos*]" = "iPhone Developer";
				COPY_PHASE_STRIP = NO;
				DEBUG_INFORMATION_FORMAT = dwarf;
				ENABLE_STRICT_OBJC_MSGSEND = YES;
				ENABLE_TESTABILITY = YES;
				GCC_C_LANGUAGE_STANDARD = gnu99;
				GCC_DYNAMIC_NO_PIC = NO;
				GCC_NO_COMMON_BLOCKS = YES;
				GCC_OPTIMIZATION_LEVEL = 0;
				GCC_PREPROCESSOR_DEFINITIONS = (
					"DEBUG=1",
					"$(inherited)",
				);
				GCC_WARN_64_TO_32_BIT_CONVERSION = YES;
				GCC_WARN_ABOUT_RETURN_TYPE = YES_ERROR;
				GCC_WARN_UNDECLARED_SELECTOR = YES;
				GCC_WARN_UNINITIALIZED_AUTOS = YES_AGGRESSIVE;
				GCC_WARN_UNUSED_FUNCTION = YES;
				GCC_WARN_UNUSED_VARIABLE = YES;
				IPHONEOS_DEPLOYMENT_TARGET = 10.2;
				MTL_ENABLE_DEBUG_INFO = YES;
				ONLY_ACTIVE_ARCH = YES;
				SDKROOT = iphoneos;
				SWIFT_ACTIVE_COMPILATION_CONDITIONS = DEBUG;
				SWIFT_OPTIMIZATION_LEVEL = "-Onone";
			};
			name = Debug;
		};
		DE6E0D491E832BE3009A14ED /* Release */ = {
			isa = XCBuildConfiguration;
			buildSettings = {
				ALWAYS_SEARCH_USER_PATHS = NO;
				CLANG_ANALYZER_NONNULL = YES;
				CLANG_CXX_LANGUAGE_STANDARD = "gnu++0x";
				CLANG_CXX_LIBRARY = "libc++";
				CLANG_ENABLE_MODULES = YES;
				CLANG_ENABLE_OBJC_ARC = YES;
				CLANG_WARN_BOOL_CONVERSION = YES;
				CLANG_WARN_CONSTANT_CONVERSION = YES;
				CLANG_WARN_DIRECT_OBJC_ISA_USAGE = YES_ERROR;
				CLANG_WARN_DOCUMENTATION_COMMENTS = YES;
				CLANG_WARN_EMPTY_BODY = YES;
				CLANG_WARN_ENUM_CONVERSION = YES;
				CLANG_WARN_INFINITE_RECURSION = YES;
				CLANG_WARN_INT_CONVERSION = YES;
				CLANG_WARN_OBJC_ROOT_CLASS = YES_ERROR;
				CLANG_WARN_SUSPICIOUS_MOVE = YES;
				CLANG_WARN_UNREACHABLE_CODE = YES;
				CLANG_WARN__DUPLICATE_METHOD_MATCH = YES;
				"CODE_SIGN_IDENTITY[sdk=iphoneos*]" = "iPhone Developer";
				COPY_PHASE_STRIP = NO;
				DEBUG_INFORMATION_FORMAT = "dwarf-with-dsym";
				ENABLE_NS_ASSERTIONS = NO;
				ENABLE_STRICT_OBJC_MSGSEND = YES;
				GCC_C_LANGUAGE_STANDARD = gnu99;
				GCC_NO_COMMON_BLOCKS = YES;
				GCC_WARN_64_TO_32_BIT_CONVERSION = YES;
				GCC_WARN_ABOUT_RETURN_TYPE = YES_ERROR;
				GCC_WARN_UNDECLARED_SELECTOR = YES;
				GCC_WARN_UNINITIALIZED_AUTOS = YES_AGGRESSIVE;
				GCC_WARN_UNUSED_FUNCTION = YES;
				GCC_WARN_UNUSED_VARIABLE = YES;
				IPHONEOS_DEPLOYMENT_TARGET = 10.2;
				MTL_ENABLE_DEBUG_INFO = NO;
				SDKROOT = iphoneos;
				SWIFT_OPTIMIZATION_LEVEL = "-Owholemodule";
				VALIDATE_PRODUCT = YES;
			};
			name = Release;
		};
		DE6E0D4B1E832BE3009A14ED /* Debug */ = {
			isa = XCBuildConfiguration;
			buildSettings = {
				ASSETCATALOG_COMPILER_APPICON_NAME = AppIcon;
				DEVELOPMENT_TEAM = BB9NBC38G8;
				INFOPLIST_FILE = PartyRockApp/Info.plist;
				LD_RUNPATH_SEARCH_PATHS = "$(inherited) @executable_path/Frameworks";
				PRODUCT_BUNDLE_IDENTIFIER = hommer.PartyRockApp;
				PRODUCT_NAME = "$(TARGET_NAME)";
				SWIFT_VERSION = 3.0;
			};
			name = Debug;
		};
		DE6E0D4C1E832BE3009A14ED /* Release */ = {
			isa = XCBuildConfiguration;
			buildSettings = {
				ASSETCATALOG_COMPILER_APPICON_NAME = AppIcon;
				DEVELOPMENT_TEAM = BB9NBC38G8;
				INFOPLIST_FILE = PartyRockApp/Info.plist;
				LD_RUNPATH_SEARCH_PATHS = "$(inherited) @executable_path/Frameworks";
				PRODUCT_BUNDLE_IDENTIFIER = hommer.PartyRockApp;
				PRODUCT_NAME = "$(TARGET_NAME)";
				SWIFT_VERSION = 3.0;
			};
			name = Release;
		};
/* End XCBuildConfiguration section */

/* Begin XCConfigurationList section */
		DE6E0D331E832BE3009A14ED /* Build configuration list for PBXProject "PartyRockApp" */ = {
			isa = XCConfigurationList;
			buildConfigurations = (
				DE6E0D481E832BE3009A14ED /* Debug */,
				DE6E0D491E832BE3009A14ED /* Release */,
			);
			defaultConfigurationIsVisible = 0;
			defaultConfigurationName = Release;
		};
		DE6E0D4A1E832BE3009A14ED /* Build configuration list for PBXNativeTarget "PartyRockApp" */ = {
			isa = XCConfigurationList;
			buildConfigurations = (
				DE6E0D4B1E832BE3009A14ED /* Debug */,
				DE6E0D4C1E832BE3009A14ED /* Release */,
			);
			defaultConfigurationIsVisible = 0;
		};
/* End XCConfigurationList section */
	};
	rootObject = DE6E0D301E832BE3009A14ED /* Project object */;
}
